PODS:
  - DJI-SDK-iOS (4.2.1)
  - DJI-UILibrary-iOS (4.1.1)
  - GoogleMaps (2.3.0):
    - GoogleMaps/Maps (= 2.3.0)
  - GoogleMaps/Base (2.3.0)
  - GoogleMaps/Maps (2.3.0):
    - GoogleMaps/Base

DEPENDENCIES:
  - DJI-SDK-iOS (~> 4.2)
  - DJI-UILibrary-iOS (~> 4.1.1)
  - GoogleMaps

SPEC CHECKSUMS:
  DJI-SDK-iOS: 7c7e3555d1a742770bf7bf1eadd50bcb5dec7c30
  DJI-UILibrary-iOS: e5424bb3e38c6d7f1119f0897e0fa1cb64a980a2
  GoogleMaps: 340a6a0bebd17c2db8abcd3921976c7c53c86cb8

PODFILE CHECKSUM: d5523bc99191fe473518364bca44a3b7454a7586

COCOAPODS: 1.2.1
